
Microsoft Visual Studio Solution File, Format Version 12.00
# Visual Studio Version 17
VisualStudioVersion = 17.12.35527.113 d17.12
MinimumVisualStudioVersion = 10.0.40219.1
Project("{FAE04EC0-301F-11D3-BF4B-00C04F79EFBC}") = "LotterySimulation.App", "LotterySimulation.App\LotterySimulation.App.csproj", "{87205E0B-D4B2-403B-8D7B-43FC08356668}"
EndProject
Project("{FAE04EC0-301F-11D3-BF4B-00C04F79EFBC}") = "LotterySimulation.Core", "LotterySimulation.Core\LotterySimulation.Core.csproj", "{580E0281-0CB2-43DC-BBC4-99A218715DF8}"
EndProject
Project("{FAE04EC0-301F-11D3-BF4B-00C04F79EFBC}") = "LotterySimulation.Infrastructure", "LotterySimulation.Infrastructure\LotterySimulation.Infrastructure.csproj", "{D5E61225-1F3A-467E-AC8F-092EAB757EAC}"
EndProject
Project("{FAE04EC0-301F-11D3-BF4B-00C04F79EFBC}") = "LotterySimulation.UnitTests", "LotterySimulation.UnitTests\LotterySimulation.UnitTests.csproj", "{920630FC-15D9-486C-BA51-06BCA7661E46}"
EndProject
Project("{FAE04EC0-301F-11D3-BF4B-00C04F79EFBC}") = "LotterySimulation.Domain", "LotterySimulation.Domain\LotterySimulation.Domain.csproj", "{A27AB135-C2B6-4E51-9647-0DF3F3ACEF9A}"
EndProject
Global
	GlobalSection(SolutionConfigurationPlatforms) = preSolution
		Debug|Any CPU = Debug|Any CPU
		Release|Any CPU = Release|Any CPU
	EndGlobalSection
	GlobalSection(ProjectConfigurationPlatforms) = postSolution
		{87205E0B-D4B2-403B-8D7B-43FC08356668}.Debug|Any CPU.ActiveCfg = Debug|Any CPU
		{87205E0B-D4B2-403B-8D7B-43FC08356668}.Debug|Any CPU.Build.0 = Debug|Any CPU
		{87205E0B-D4B2-403B-8D7B-43FC08356668}.Release|Any CPU.ActiveCfg = Release|Any CPU
		{87205E0B-D4B2-403B-8D7B-43FC08356668}.Release|Any CPU.Build.0 = Release|Any CPU
		{580E0281-0CB2-43DC-BBC4-99A218715DF8}.Debug|Any CPU.ActiveCfg = Debug|Any CPU
		{580E0281-0CB2-43DC-BBC4-99A218715DF8}.Debug|Any CPU.Build.0 = Debug|Any CPU
		{580E0281-0CB2-43DC-BBC4-99A218715DF8}.Release|Any CPU.ActiveCfg = Release|Any CPU
		{580E0281-0CB2-43DC-BBC4-99A218715DF8}.Release|Any CPU.Build.0 = Release|Any CPU
		{D5E61225-1F3A-467E-AC8F-092EAB757EAC}.Debug|Any CPU.ActiveCfg = Debug|Any CPU
		{D5E61225-1F3A-467E-AC8F-092EAB757EAC}.Debug|Any CPU.Build.0 = Debug|Any CPU
		{D5E61225-1F3A-467E-AC8F-092EAB757EAC}.Release|Any CPU.ActiveCfg = Release|Any CPU
		{D5E61225-1F3A-467E-AC8F-092EAB757EAC}.Release|Any CPU.Build.0 = Release|Any CPU
		{920630FC-15D9-486C-BA51-06BCA7661E46}.Debug|Any CPU.ActiveCfg = Debug|Any CPU
		{920630FC-15D9-486C-BA51-06BCA7661E46}.Debug|Any CPU.Build.0 = Debug|Any CPU
		{920630FC-15D9-486C-BA51-06BCA7661E46}.Release|Any CPU.ActiveCfg = Release|Any CPU
		{920630FC-15D9-486C-BA51-06BCA7661E46}.Release|Any CPU.Build.0 = Release|Any CPU
		{A27AB135-C2B6-4E51-9647-0DF3F3ACEF9A}.Debug|Any CPU.ActiveCfg = Debug|Any CPU
		{A27AB135-C2B6-4E51-9647-0DF3F3ACEF9A}.Debug|Any CPU.Build.0 = Debug|Any CPU
		{A27AB135-C2B6-4E51-9647-0DF3F3ACEF9A}.Release|Any CPU.ActiveCfg = Release|Any CPU
		{A27AB135-C2B6-4E51-9647-0DF3F3ACEF9A}.Release|Any CPU.Build.0 = Release|Any CPU
	EndGlobalSection
	GlobalSection(SolutionProperties) = preSolution
		HideSolutionNode = FALSE
	EndGlobalSection
EndGlobal
